
Microsoft Visual Studio Solution File, Format Version 11.00
# Visual Studio 2010
Project("{FAE04EC0-301F-11D3-BF4B-00C04F79EFBC}") = "DoItYourself", "DoItYourself\DoItYourself.csproj", "{293C9B54-463F-4771-BA0F-6392ADC5ED88}"
EndProject
Project("{FAE04EC0-301F-11D3-BF4B-00C04F79EFBC}") = "DoItYourself.Tests", "DoItYourself.Tests\DoItYourself.Tests.csproj", "{1B97FC79-31E1-4903-8D7E-F6CAC6642805}"
EndProject
Global
	GlobalSection(SolutionConfigurationPlatforms) = preSolution
		Debug|Any CPU = Debug|Any CPU
		Release|Any CPU = Release|Any CPU
	EndGlobalSection
	GlobalSection(ProjectConfigurationPlatforms) = postSolution
		{1B97FC79-31E1-4903-8D7E-F6CAC6642805}.Debug|Any CPU.ActiveCfg = Debug|Any CPU
		{1B97FC79-31E1-4903-8D7E-F6CAC6642805}.Debug|Any CPU.Build.0 = Debug|Any CPU
		{1B97FC79-31E1-4903-8D7E-F6CAC6642805}.Release|Any CPU.ActiveCfg = Release|Any CPU
		{1B97FC79-31E1-4903-8D7E-F6CAC6642805}.Release|Any CPU.Build.0 = Release|Any CPU
		{293C9B54-463F-4771-BA0F-6392ADC5ED88}.Debug|Any CPU.ActiveCfg = Debug|Any CPU
		{293C9B54-463F-4771-BA0F-6392ADC5ED88}.Debug|Any CPU.Build.0 = Debug|Any CPU
		{293C9B54-463F-4771-BA0F-6392ADC5ED88}.Release|Any CPU.ActiveCfg = Release|Any CPU
		{293C9B54-463F-4771-BA0F-6392ADC5ED88}.Release|Any CPU.Build.0 = Release|Any CPU
	EndGlobalSection
	GlobalSection(MonoDevelopProperties) = preSolution
		StartupItem = DoItYourself\DoItYourself.csproj
	EndGlobalSection
	GlobalSection(SolutionProperties) = preSolution
		HideSolutionNode = FALSE
	EndGlobalSection
EndGlobal
